
Microsoft Visual Studio Solution File, Format Version 11.00
# Visual Studio 2010
Project("{FAE04EC0-301F-11D3-BF4B-00C04F79EFBC}") = "CannonAttack", "CannonAttack\CannonAttack.csproj", "{1F39AC47-5FA4-46A7-90B7-94C7E147A829}"
EndProject
Project("{FAE04EC0-301F-11D3-BF4B-00C04F79EFBC}") = "CannonAttackTest", "CannonAttackTest\CannonAttackTest.csproj", "{39AF2A3C-7F13-4141-B72C-6ADBAADEBC03}"
EndProject
Project("{2150E333-8FDC-42A3-9474-1A3956D46DE8}") = "Solution Items", "Solution Items", "{BC7EC01A-98F3-4E14-A1A9-7DE31791231F}"
	ProjectSection(SolutionItems) = preProject
		CannonAttack.vsmdi = CannonAttack.vsmdi
		Local.testsettings = Local.testsettings
		TraceAndTestImpact.testsettings = TraceAndTestImpact.testsettings
	EndProjectSection
EndProject
Global
	GlobalSection(TestCaseManagementSettings) = postSolution
		CategoryFile = CannonAttack.vsmdi
	EndGlobalSection
	GlobalSection(SolutionConfigurationPlatforms) = preSolution
		Debug|Any CPU = Debug|Any CPU
		Debug|Mixed Platforms = Debug|Mixed Platforms
		Debug|x86 = Debug|x86
		Release|Any CPU = Release|Any CPU
		Release|Mixed Platforms = Release|Mixed Platforms
		Release|x86 = Release|x86
	EndGlobalSection
	GlobalSection(ProjectConfigurationPlatforms) = postSolution
		{1F39AC47-5FA4-46A7-90B7-94C7E147A829}.Debug|Any CPU.ActiveCfg = Debug|x86
		{1F39AC47-5FA4-46A7-90B7-94C7E147A829}.Debug|Mixed Platforms.ActiveCfg = Debug|x86
		{1F39AC47-5FA4-46A7-90B7-94C7E147A829}.Debug|Mixed Platforms.Build.0 = Debug|x86
		{1F39AC47-5FA4-46A7-90B7-94C7E147A829}.Debug|x86.ActiveCfg = Debug|x86
		{1F39AC47-5FA4-46A7-90B7-94C7E147A829}.Debug|x86.Build.0 = Debug|x86
		{1F39AC47-5FA4-46A7-90B7-94C7E147A829}.Release|Any CPU.ActiveCfg = Release|x86
		{1F39AC47-5FA4-46A7-90B7-94C7E147A829}.Release|Mixed Platforms.ActiveCfg = Release|x86
		{1F39AC47-5FA4-46A7-90B7-94C7E147A829}.Release|Mixed Platforms.Build.0 = Release|x86
		{1F39AC47-5FA4-46A7-90B7-94C7E147A829}.Release|x86.ActiveCfg = Release|x86
		{1F39AC47-5FA4-46A7-90B7-94C7E147A829}.Release|x86.Build.0 = Release|x86
		{39AF2A3C-7F13-4141-B72C-6ADBAADEBC03}.Debug|Any CPU.ActiveCfg = Debug|Any CPU
		{39AF2A3C-7F13-4141-B72C-6ADBAADEBC03}.Debug|Any CPU.Build.0 = Debug|Any CPU
		{39AF2A3C-7F13-4141-B72C-6ADBAADEBC03}.Debug|Mixed Platforms.ActiveCfg = Debug|Any CPU
		{39AF2A3C-7F13-4141-B72C-6ADBAADEBC03}.Debug|Mixed Platforms.Build.0 = Debug|Any CPU
		{39AF2A3C-7F13-4141-B72C-6ADBAADEBC03}.Debug|x86.ActiveCfg = Debug|Any CPU
		{39AF2A3C-7F13-4141-B72C-6ADBAADEBC03}.Release|Any CPU.ActiveCfg = Release|Any CPU
		{39AF2A3C-7F13-4141-B72C-6ADBAADEBC03}.Release|Any CPU.Build.0 = Release|Any CPU
		{39AF2A3C-7F13-4141-B72C-6ADBAADEBC03}.Release|Mixed Platforms.ActiveCfg = Release|Any CPU
		{39AF2A3C-7F13-4141-B72C-6ADBAADEBC03}.Release|Mixed Platforms.Build.0 = Release|Any CPU
		{39AF2A3C-7F13-4141-B72C-6ADBAADEBC03}.Release|x86.ActiveCfg = Release|Any CPU
	EndGlobalSection
	GlobalSection(SolutionProperties) = preSolution
		HideSolutionNode = FALSE
	EndGlobalSection
EndGlobal
